
Microsoft Visual Studio Solution File, Format Version 12.00
# Visual Studio Version 17
VisualStudioVersion = 17.11.35222.181
MinimumVisualStudioVersion = 10.0.40219.1
Project("{9A19103F-16F7-4668-BE54-9A1E7A4F7556}") = "SchoolProject.Api", "SchoolProject.Api\SchoolProject.Api.csproj", "{8BA3C26D-A671-4142-A44F-5BED24AADAAD}"
EndProject
Project("{9A19103F-16F7-4668-BE54-9A1E7A4F7556}") = "SchoolProject.Data", "SchoolProject.Data\SchoolProject.Data.csproj", "{77D71299-2F5A-407B-99FE-5A3BF17F3DCC}"
EndProject
Project("{9A19103F-16F7-4668-BE54-9A1E7A4F7556}") = "SchoolProject.Infrastructure", "SchoolProject.Infrastructure\SchoolProject.Infrastructure.csproj", "{D35B73EA-94F0-4FBF-8607-3A0922A59880}"
EndProject
Project("{9A19103F-16F7-4668-BE54-9A1E7A4F7556}") = "SchoolProject.Service", "SchoolProject.Service\SchoolProject.Service.csproj", "{0C89C123-ACB6-4FFA-8841-84F30332411C}"
EndProject
Project("{9A19103F-16F7-4668-BE54-9A1E7A4F7556}") = "SchoolProject.Core", "SchoolProject.Core\SchoolProject.Core.csproj", "{18D39690-53CD-49D4-AD09-F88469132D43}"
EndProject
Project("{FAE04EC0-301F-11D3-BF4B-00C04F79EFBC}") = "SchoolProject.XUnitTest", "SchoolProject.XUnitTest\SchoolProject.XUnitTest.csproj", "{47057ADD-CFA0-4CE5-9CEF-519E32E6344B}"
EndProject
Global
	GlobalSection(SolutionConfigurationPlatforms) = preSolution
		Debug|Any CPU = Debug|Any CPU
		Release|Any CPU = Release|Any CPU
	EndGlobalSection
	GlobalSection(ProjectConfigurationPlatforms) = postSolution
		{8BA3C26D-A671-4142-A44F-5BED24AADAAD}.Debug|Any CPU.ActiveCfg = Debug|Any CPU
		{8BA3C26D-A671-4142-A44F-5BED24AADAAD}.Debug|Any CPU.Build.0 = Debug|Any CPU
		{8BA3C26D-A671-4142-A44F-5BED24AADAAD}.Release|Any CPU.ActiveCfg = Release|Any CPU
		{8BA3C26D-A671-4142-A44F-5BED24AADAAD}.Release|Any CPU.Build.0 = Release|Any CPU
		{77D71299-2F5A-407B-99FE-5A3BF17F3DCC}.Debug|Any CPU.ActiveCfg = Debug|Any CPU
		{77D71299-2F5A-407B-99FE-5A3BF17F3DCC}.Debug|Any CPU.Build.0 = Debug|Any CPU
		{77D71299-2F5A-407B-99FE-5A3BF17F3DCC}.Release|Any CPU.ActiveCfg = Release|Any CPU
		{77D71299-2F5A-407B-99FE-5A3BF17F3DCC}.Release|Any CPU.Build.0 = Release|Any CPU
		{D35B73EA-94F0-4FBF-8607-3A0922A59880}.Debug|Any CPU.ActiveCfg = Debug|Any CPU
		{D35B73EA-94F0-4FBF-8607-3A0922A59880}.Debug|Any CPU.Build.0 = Debug|Any CPU
		{D35B73EA-94F0-4FBF-8607-3A0922A59880}.Release|Any CPU.ActiveCfg = Release|Any CPU
		{D35B73EA-94F0-4FBF-8607-3A0922A59880}.Release|Any CPU.Build.0 = Release|Any CPU
		{0C89C123-ACB6-4FFA-8841-84F30332411C}.Debug|Any CPU.ActiveCfg = Debug|Any CPU
		{0C89C123-ACB6-4FFA-8841-84F30332411C}.Debug|Any CPU.Build.0 = Debug|Any CPU
		{0C89C123-ACB6-4FFA-8841-84F30332411C}.Release|Any CPU.ActiveCfg = Release|Any CPU
		{0C89C123-ACB6-4FFA-8841-84F30332411C}.Release|Any CPU.Build.0 = Release|Any CPU
		{18D39690-53CD-49D4-AD09-F88469132D43}.Debug|Any CPU.ActiveCfg = Debug|Any CPU
		{18D39690-53CD-49D4-AD09-F88469132D43}.Debug|Any CPU.Build.0 = Debug|Any CPU
		{18D39690-53CD-49D4-AD09-F88469132D43}.Release|Any CPU.ActiveCfg = Release|Any CPU
		{18D39690-53CD-49D4-AD09-F88469132D43}.Release|Any CPU.Build.0 = Release|Any CPU
		{47057ADD-CFA0-4CE5-9CEF-519E32E6344B}.Debug|Any CPU.ActiveCfg = Debug|Any CPU
		{47057ADD-CFA0-4CE5-9CEF-519E32E6344B}.Debug|Any CPU.Build.0 = Debug|Any CPU
		{47057ADD-CFA0-4CE5-9CEF-519E32E6344B}.Release|Any CPU.ActiveCfg = Release|Any CPU
		{47057ADD-CFA0-4CE5-9CEF-519E32E6344B}.Release|Any CPU.Build.0 = Release|Any CPU
	EndGlobalSection
	GlobalSection(SolutionProperties) = preSolution
		HideSolutionNode = FALSE
	EndGlobalSection
	GlobalSection(ExtensibilityGlobals) = postSolution
		SolutionGuid = {037EC920-A550-409D-A84D-F17217C5B2BC}
	EndGlobalSection
EndGlobal
